
Microsoft Visual Studio Solution File, Format Version 12.00
# Visual Studio Version 16
VisualStudioVersion = 16.0.28407.52
MinimumVisualStudioVersion = 10.0.40219.1
Project("{FAE04EC0-301F-11D3-BF4B-00C04F79EFBC}") = "RomanNumerals", "RomanNumerals\RomanNumerals.csproj", "{E538489E-F41F-4DEC-A9D3-D7CC35703339}"
EndProject
Project("{FAE04EC0-301F-11D3-BF4B-00C04F79EFBC}") = "RomanNumeralsTest", "RomanNumeralsTest\RomanNumeralsTest.csproj", "{704C45F8-F5C1-4B61-B610-E207ADB89889}"
EndProject
Project("{2150E333-8FDC-42A3-9474-1A3956D46DE8}") = "Solution Items", "Solution Items", "{237CE142-75D3-4B04-8DF2-9F9D2B9DCFEF}"
	ProjectSection(SolutionItems) = preProject
		appveyor.yml = appveyor.yml
	EndProjectSection
EndProject
Global
	GlobalSection(SolutionConfigurationPlatforms) = preSolution
		Debug|Any CPU = Debug|Any CPU
		Release|Any CPU = Release|Any CPU
	EndGlobalSection
	GlobalSection(ProjectConfigurationPlatforms) = postSolution
		{E538489E-F41F-4DEC-A9D3-D7CC35703339}.Debug|Any CPU.ActiveCfg = Debug|Any CPU
		{E538489E-F41F-4DEC-A9D3-D7CC35703339}.Debug|Any CPU.Build.0 = Debug|Any CPU
		{E538489E-F41F-4DEC-A9D3-D7CC35703339}.Release|Any CPU.ActiveCfg = Release|Any CPU
		{E538489E-F41F-4DEC-A9D3-D7CC35703339}.Release|Any CPU.Build.0 = Release|Any CPU
		{704C45F8-F5C1-4B61-B610-E207ADB89889}.Debug|Any CPU.ActiveCfg = Debug|Any CPU
		{704C45F8-F5C1-4B61-B610-E207ADB89889}.Debug|Any CPU.Build.0 = Debug|Any CPU
		{704C45F8-F5C1-4B61-B610-E207ADB89889}.Release|Any CPU.ActiveCfg = Release|Any CPU
		{704C45F8-F5C1-4B61-B610-E207ADB89889}.Release|Any CPU.Build.0 = Release|Any CPU
	EndGlobalSection
	GlobalSection(SolutionProperties) = preSolution
		HideSolutionNode = FALSE
	EndGlobalSection
	GlobalSection(ExtensibilityGlobals) = postSolution
		SolutionGuid = {ED0E0D76-E692-4EE8-AC26-8663E91EABC1}
	EndGlobalSection
EndGlobal
